{
  "version": "4",
  "specifiers": {
    "jsr:@hono/hono@^4.6.8": "4.6.8",
    "npm:@faker-js/faker@*": "9.1.0"
  },
  "jsr": {
    "@hono/hono@4.6.8": {
      "integrity": "4c92cb895360d93b7bc637c0c3f26449761b2bb160009c0387a37a1d457850f0"
    }
  },
  "npm": {
    "@faker-js/faker@9.1.0": {
      "integrity": "sha512-GJvX9iM9PBtKScJVlXQ0tWpihK3i0pha/XAhzQa1hPK/ILLa1Wq3I63Ij7lRtqTwmdTxRCyrUhLC5Sly9SLbug=="
    }
  },
  "workspace": {
    "dependencies": [
      "jsr:@hono/hono@^4.6.8"
    ]
  }
}
